
Microsoft Visual Studio Solution File, Format Version 12.00
# Visual Studio Version 17
VisualStudioVersion = 17.5.33414.496
MinimumVisualStudioVersion = 10.0.40219.1
Project("{FAE04EC0-301F-11D3-BF4B-00C04F79EFBC}") = "RoTestPractice", "RoTestPractice\RoTestPractice.csproj", "{E5B0EFB5-45F5-47D4-AD05-0AC979837A2F}"
EndProject
Global
	GlobalSection(SolutionConfigurationPlatforms) = preSolution
		Debug|Any CPU = Debug|Any CPU
		Release|Any CPU = Release|Any CPU
	EndGlobalSection
	GlobalSection(ProjectConfigurationPlatforms) = postSolution
		{E5B0EFB5-45F5-47D4-AD05-0AC979837A2F}.Debug|Any CPU.ActiveCfg = Debug|Any CPU
		{E5B0EFB5-45F5-47D4-AD05-0AC979837A2F}.Debug|Any CPU.Build.0 = Debug|Any CPU
		{E5B0EFB5-45F5-47D4-AD05-0AC979837A2F}.Release|Any CPU.ActiveCfg = Release|Any CPU
		{E5B0EFB5-45F5-47D4-AD05-0AC979837A2F}.Release|Any CPU.Build.0 = Release|Any CPU
	EndGlobalSection
	GlobalSection(SolutionProperties) = preSolution
		HideSolutionNode = FALSE
	EndGlobalSection
	GlobalSection(ExtensibilityGlobals) = postSolution
		SolutionGuid = {824A1430-1034-4E86-A77C-1EC5623BD325}
	EndGlobalSection
EndGlobal
